# -------------------------------------------------------------------------- #
#
# Copyright (C) 2020  Intel Corporation. All rights reserved.
# Your use of Intel Corporation's design tools, logic functions 
# and other software and tools, and any partner logic 
# functions, and any output files from any of the foregoing 
# (including device programming or simulation files), and any 
# associated documentation or information are expressly subject 
# to the terms and conditions of the Intel Program License 
# Subscription Agreement, the Intel Quartus Prime License Agreement,
# the Intel FPGA IP License Agreement, or other applicable license
# agreement, including, without limitation, that your use is for
# the sole purpose of programming logic devices manufactured by
# Intel and sold by Intel or its authorized distributors.  Please
# refer to the applicable agreement for further details, at
# https://fpgasoftware.intel.com/eula.
#
# -------------------------------------------------------------------------- #
#
# Quartus Prime
# Version 20.1.1 Build 720 11/11/2020 SJ Lite Edition
# Date created = 22:18:58  lipca 12, 2026
#
# -------------------------------------------------------------------------- #
#
# Notes:
#
# 1) The default values for assignments are stored in the file:
#		wrapper_assignment_defaults.qdf
#    If this file doesn't exist, see file:
#		assignment_defaults.qdf
#
# 2) Altera recommends that you do not modify this file. This
#    file is updated automatically by the Quartus Prime software
#    and any changes you make may be lost or overwritten.
#
# -------------------------------------------------------------------------- #


set_global_assignment -name FAMILY "Cyclone IV E"
set_global_assignment -name DEVICE EP4CE115F29C7
set_global_assignment -name TOP_LEVEL_ENTITY de2_115_top

set_global_assignment -name ORIGINAL_QUARTUS_VERSION 20.1.1
set_global_assignment -name PROJECT_CREATION_TIME_DATE "22:18:58  LIPCA 12, 2026"
set_global_assignment -name LAST_QUARTUS_VERSION "20.1.1 Lite Edition"
set_global_assignment -name PROJECT_OUTPUT_DIRECTORY output_files
set_global_assignment -name EDA_SIMULATION_TOOL "<None>"
set_global_assignment -name EDA_TIME_SCALE "1 ps" -section_id eda_simulation
set_global_assignment -name EDA_OUTPUT_DATA_FORMAT NONE -section_id eda_simulation
set_global_assignment -name EDA_GENERATE_FUNCTIONAL_NETLIST OFF -section_id eda_board_design_timing
set_global_assignment -name EDA_GENERATE_FUNCTIONAL_NETLIST OFF -section_id eda_board_design_symbol
set_global_assignment -name EDA_GENERATE_FUNCTIONAL_NETLIST OFF -section_id eda_board_design_signal_integrity
set_global_assignment -name EDA_GENERATE_FUNCTIONAL_NETLIST OFF -section_id eda_board_design_boundary_scan
set_global_assignment -name TIMING_ANALYZER_MULTICORNER_ANALYSIS ON
set_global_assignment -name NUM_PARALLEL_PROCESSORS ALL
set_global_assignment -name MIN_CORE_JUNCTION_TEMP 0
set_global_assignment -name MAX_CORE_JUNCTION_TEMP 85
set_global_assignment -name POWER_PRESET_COOLING_SOLUTION "23 MM HEAT SINK WITH 200 LFPM AIRFLOW"
set_global_assignment -name POWER_BOARD_THERMAL_MODEL "NONE (CONSERVATIVE)"
set_global_assignment -name EDA_TEST_BENCH_ENABLE_STATUS TEST_BENCH_MODE -section_id eda_simulation
set_global_assignment -name EDA_NATIVELINK_SIMULATION_TEST_BENCH tb_wrapper -section_id eda_simulation
set_global_assignment -name EDA_TEST_BENCH_NAME tb_wrapper -section_id eda_simulation
set_global_assignment -name EDA_DESIGN_INSTANCE_NAME NA -section_id tb_wrapper
set_global_assignment -name EDA_TEST_BENCH_MODULE_NAME tb_wrapper -section_id tb_wrapper
set_global_assignment -name EDA_TEST_BENCH_RUN_SIM_FOR "0 ns" -section_id tb_wrapper
set_global_assignment -name EDA_TEST_BENCH_FILE tb_wrapper.vhd -section_id tb_wrapper
set_global_assignment -name PARTITION_NETLIST_TYPE SOURCE -section_id Top
set_global_assignment -name PARTITION_FITTER_PRESERVATION_LEVEL PLACEMENT_AND_ROUTING -section_id Top
set_global_assignment -name PARTITION_COLOR 16764057 -section_id Top


# ==========================================================
# ZEGAR I RESET
# ==========================================================

set_location_assignment PIN_Y2 -to CLOCK
set_instance_assignment -name IO_STANDARD "3.3-V LVTTL" -to CLOCK

# Przypisanie używanego przycisku
set_location_assignment PIN_M23 -to KEY[0]
set_instance_assignment -name IO_STANDARD "3.3-V LVTTL" -to KEY[0]

# Zabezpieczenie pozostałych przycisków sprzętowych na płycie
set_location_assignment PIN_M21 -to KEY[1]
set_location_assignment PIN_N21 -to KEY[2]
set_location_assignment PIN_R24 -to KEY[3]
set_instance_assignment -name IO_STANDARD "3.3-V LVTTL" -to KEY[1]
set_instance_assignment -name IO_STANDARD "3.3-V LVTTL" -to KEY[2]
set_instance_assignment -name IO_STANDARD "3.3-V LVTTL" -to KEY[3]

# ==========================================================
# DOMENA WYKONAWCZA
# ==========================================================
set_location_assignment PIN_H13 -to EX_I[2]
set_location_assignment PIN_AE25 -to EX_I[0]
set_location_assignment PIN_AH25 -to EX_I[1]

set_location_assignment PIN_H14 -to EX_O[0]
set_location_assignment PIN_F14 -to EX_O[1]
set_location_assignment PIN_E10 -to EX_O[2]

set_instance_assignment -name IO_STANDARD "3.3-V LVTTL" -to EX_I[0]
set_instance_assignment -name IO_STANDARD "3.3-V LVTTL" -to EX_I[1]
set_instance_assignment -name IO_STANDARD "3.3-V LVTTL" -to EX_I[2]
set_instance_assignment -name IO_STANDARD "3.3-V LVTTL" -to EX_O[0]
set_instance_assignment -name IO_STANDARD "3.3-V LVTTL" -to EX_O[1]
set_instance_assignment -name IO_STANDARD "3.3-V LVTTL" -to EX_O[2]


# ==========================================================
# DOMENA DIAGNOSTYCZNA (GPIO_0 / JP5 - Z PRAWEJ)
# ==========================================================
# Przypisanie 24 pierwszych użytecznych pinów z JP5 dla szyny debug_bus
set_location_assignment PIN_AB22 -to GPIO[0]
set_location_assignment PIN_AC15 -to GPIO[1]
set_location_assignment PIN_AB21 -to GPIO[2]
set_location_assignment PIN_Y17 -to GPIO[3]
set_location_assignment PIN_AC21 -to GPIO[4]
set_location_assignment PIN_Y16 -to GPIO[5]
set_location_assignment PIN_AD21 -to GPIO[6]
set_location_assignment PIN_AE16 -to GPIO[7]
set_location_assignment PIN_AD15 -to GPIO[8]
set_location_assignment PIN_AE15 -to GPIO[9]
set_location_assignment PIN_AC19 -to GPIO[10]
set_location_assignment PIN_AF16 -to GPIO[11]
set_location_assignment PIN_AD19 -to GPIO[12]
set_location_assignment PIN_AF15 -to GPIO[13]
set_location_assignment PIN_AF24 -to GPIO[14]
set_location_assignment PIN_AE21 -to GPIO[15]
set_location_assignment PIN_AF25 -to GPIO[16]
set_location_assignment PIN_AC22 -to GPIO[17]
set_location_assignment PIN_AE22 -to GPIO[18]
set_location_assignment PIN_AF21 -to GPIO[19]
set_location_assignment PIN_AF22 -to GPIO[20]
set_location_assignment PIN_AD22 -to GPIO[21]
set_location_assignment PIN_AG25 -to GPIO[22]
set_location_assignment PIN_AD25 -to GPIO[23]

# Ustawienie standardu napięciowego
set_instance_assignment -name IO_STANDARD "3.3-V LVTTL" -to GPIO[*]

# ==========================================================
# WIZUALIZACJA: LEDR (Czerwone) i LEDG (Zielone)
# ==========================================================
# Mimo braku aktywnego sterowania w logice (wymuszenie 0),
# piny muszą być zmapowane, aby Quartus fizycznie sprowadził je do masy.
set_location_assignment PIN_G19 -to LEDR[0]
set_location_assignment PIN_E19 -to LEDR[1]
set_location_assignment PIN_F19 -to LEDR[2]
set_location_assignment PIN_F21 -to LEDR[3]
set_location_assignment PIN_F18 -to LEDR[4]
set_location_assignment PIN_E18 -to LEDR[5]
set_location_assignment PIN_J19 -to LEDR[6]
set_location_assignment PIN_H19 -to LEDR[7]
set_location_assignment PIN_J17 -to LEDR[8]
set_location_assignment PIN_G17 -to LEDR[9]
set_location_assignment PIN_J15 -to LEDR[10]
set_location_assignment PIN_H16 -to LEDR[11]
set_location_assignment PIN_J16 -to LEDR[12]
set_location_assignment PIN_H17 -to LEDR[13]
set_location_assignment PIN_F15 -to LEDR[14]
set_location_assignment PIN_G15 -to LEDR[15]
set_location_assignment PIN_G16 -to LEDR[16]
set_location_assignment PIN_H15 -to LEDR[17]

set_location_assignment PIN_E21 -to LEDG[0]
set_location_assignment PIN_E22 -to LEDG[1]
set_location_assignment PIN_E25 -to LEDG[2]
set_location_assignment PIN_E24 -to LEDG[3]
set_location_assignment PIN_H21 -to LEDG[4]
set_location_assignment PIN_G20 -to LEDG[5]
set_location_assignment PIN_G22 -to LEDG[6]
set_location_assignment PIN_G21 -to LEDG[7]
set_location_assignment PIN_F17 -to LEDG[8]

set_instance_assignment -name IO_STANDARD "2.5 V" -to LEDR[*]
set_instance_assignment -name IO_STANDARD "2.5 V" -to LEDG[*]

# ==========================================================
# PARAMETRY ELEKTRYCZNE (DRIVE STRENGTH & SLEW RATE)
# ==========================================================

# 1. Domena Wykonawcza (Kondensatory) - Prąd 8mA
set_instance_assignment -name CURRENT_STRENGTH_NEW 8MA -to EX_O[*]

# 2. Domena Diagnostyczna (JP5) - Prąd 8mA
set_instance_assignment -name CURRENT_STRENGTH_NEW 8MA -to GPIO[*]

# 3. Wizualizacja (Diody LEDR i LEDG) - Prąd 8mA, Wolne zbocze (Slow Slew Rate = 2)
# Ustawienie Slew Rate na 2 drastycznie zmniejsza szum EMI na płycie.
set_instance_assignment -name CURRENT_STRENGTH_NEW 8MA -to LEDR[*]
set_instance_assignment -name SLEW_RATE 2 -to LEDR[*]

set_instance_assignment -name CURRENT_STRENGTH_NEW 8MA -to LEDG[*]
set_instance_assignment -name SLEW_RATE 2 -to LEDG[*]

# wylaczenia pullup na pinach czytajacych napiecie kondensatorow
set_instance_assignment -name WEAK_PULL_UP_RESISTOR OFF -to EX_I[*]


set_global_assignment -name QIP_FILE cgp_watchdog_nios/synthesis/cgp_watchdog_nios.qip
set_global_assignment -name VHDL_FILE consts_pkg.vhd
set_global_assignment -name VHDL_FILE wrapper.vhd
set_global_assignment -name VHDL_FILE core.vhd
set_global_assignment -name VHDL_FILE LUT4Cell.vhd
set_global_assignment -name VHDL_FILE de2_115_top.vhd
set_global_assignment -name VHDL_FILE UART_detector.vhd
set_global_assignment -name VECTOR_WAVEFORM_FILE Waveform.vwf
set_global_assignment -name SDC_FILE de2_115_top.sdc

set_instance_assignment -name PARTITION_HIERARCHY root_partition -to | -section_id Top